
Microsoft Visual Studio Solution File, Format Version 12.00
# Visual Studio 15
VisualStudioVersion = 15.0.28010.2003
MinimumVisualStudioVersion = 10.0.40219.1
Project("{FAE04EC0-301F-11D3-BF4B-00C04F79EFBC}") = "CodeFirst", "CodeFirst\CodeFirst.csproj", "{1EADD264-B17D-4ACE-B32E-3B14C3AF9635}"
EndProject
Global
	GlobalSection(SolutionConfigurationPlatforms) = preSolution
		Debug|Any CPU = Debug|Any CPU
		Release|Any CPU = Release|Any CPU
	EndGlobalSection
	GlobalSection(ProjectConfigurationPlatforms) = postSolution
		{1EADD264-B17D-4ACE-B32E-3B14C3AF9635}.Debug|Any CPU.ActiveCfg = Debug|Any CPU
		{1EADD264-B17D-4ACE-B32E-3B14C3AF9635}.Debug|Any CPU.Build.0 = Debug|Any CPU
		{1EADD264-B17D-4ACE-B32E-3B14C3AF9635}.Release|Any CPU.ActiveCfg = Release|Any CPU
		{1EADD264-B17D-4ACE-B32E-3B14C3AF9635}.Release|Any CPU.Build.0 = Release|Any CPU
	EndGlobalSection
	GlobalSection(SolutionProperties) = preSolution
		HideSolutionNode = FALSE
	EndGlobalSection
	GlobalSection(ExtensibilityGlobals) = postSolution
		SolutionGuid = {34008B0C-82FA-4BE5-B693-34ADA38EDCCC}
	EndGlobalSection
EndGlobal
